{
  "name": "VoiceAssistantProject",
  "lockfileVersion": 3,
  "requires": true,
  "packages": {
    "": {
      "dependencies": {
        "wavesurfer": "^1.3.4"
      }
    },
    "node_modules/wavesurfer": {
      "version": "1.3.4",
      "resolved": "https://registry.npmjs.org/wavesurfer/-/wavesurfer-1.3.4.tgz",
      "integrity": "sha512-Td6t6x8vtBWHQu8ijX+OW5O1z3uDOmHrvOl2P7l1638Cy+8MWLM6kYYp7UDNQc3OZgukm8T6Z5+Dnvie9Rjw0w==",
      "deprecated": "Not_Official_Version_Correct_package_name_wavesurfer.js"
    }
  }
}
